{
  "name": "@ludlovian/jeeves",
  "version": "0.2.5",
  "lockfileVersion": 3,
  "requires": true,
  "packages": {
    "": {
      "name": "@ludlovian/jeeves",
      "version": "0.2.5",
      "dependencies": {
        "@ludlovian/debug": "file:../debug",
        "@ludlovian/emitter": "file:../emitter",
        "@ludlovian/lock": "file:../lock"
      }
    },
    "../debug": {
      "name": "@ludlovian/debug",
      "version": "0.2.3",
      "license": "Unlicense"
    },
    "../emitter": {
      "name": "@ludlovian/emitter",
      "version": "0.3.2",
      "dependencies": {
        "@ludlovian/lock": "file:../lock"
      }
    },
    "../lock": {
      "name": "@ludlovian/lock",
      "version": "0.2.1",
      "license": "Unlicense"
    },
    "node_modules/@ludlovian/debug": {
      "resolved": "../debug",
      "link": true
    },
    "node_modules/@ludlovian/emitter": {
      "resolved": "../emitter",
      "link": true
    },
    "node_modules/@ludlovian/lock": {
      "resolved": "../lock",
      "link": true
    }
  }
}
