{
  "name": "@ludlovian/jeeves",
  "version": "0.2.0",
  "lockfileVersion": 3,
  "requires": true,
  "packages": {
    "": {
      "name": "@ludlovian/jeeves",
      "version": "0.2.0",
      "dependencies": {
        "@ludlovian/debug": "file:../debug"
      }
    },
    "../debug": {
      "name": "@ludlovian/debug",
      "version": "0.2.2",
      "license": "Unlicense"
    },
    "node_modules/@ludlovian/debug": {
      "resolved": "../debug",
      "link": true
    }
  }
}
